
Microsoft Visual Studio Solution File, Format Version 12.00
# Visual Studio 15
VisualStudioVersion = 15.0.28010.2041
MinimumVisualStudioVersion = 10.0.40219.1
Project("{FAE04EC0-301F-11D3-BF4B-00C04F79EFBC}") = "CoffMana.Android", "CoffMana\CoffMana.Android\CoffMana.Android.csproj", "{24CE3C36-16B9-426D-AA0C-5961ECF8D88C}"
EndProject
Project("{FAE04EC0-301F-11D3-BF4B-00C04F79EFBC}") = "CoffMana.iOS", "CoffMana\CoffMana.iOS\CoffMana.iOS.csproj", "{FC05F720-C3D0-4F7F-9A0C-9233B5C6CE7C}"
EndProject
Project("{FAE04EC0-301F-11D3-BF4B-00C04F79EFBC}") = "CoffMana.UWP", "CoffMana\CoffMana.UWP\CoffMana.UWP.csproj", "{BD1340A5-67D9-4671-B238-C63D00C0393C}"
EndProject
Project("{FAE04EC0-301F-11D3-BF4B-00C04F79EFBC}") = "CoffMana", "CoffMana\CoffMana\CoffMana.csproj", "{54C302A2-5872-4C8A-BB30-0745C707077B}"
EndProject
Global
	GlobalSection(SolutionConfigurationPlatforms) = preSolution
		Debug|Any CPU = Debug|Any CPU
		Debug|ARM = Debug|ARM
		Debug|iPhone = Debug|iPhone
		Debug|iPhoneSimulator = Debug|iPhoneSimulator
		Debug|x64 = Debug|x64
		Debug|x86 = Debug|x86
		Release|Any CPU = Release|Any CPU
		Release|ARM = Release|ARM
		Release|iPhone = Release|iPhone
		Release|iPhoneSimulator = Release|iPhoneSimulator
		Release|x64 = Release|x64
		Release|x86 = Release|x86
	EndGlobalSection
	GlobalSection(ProjectConfigurationPlatforms) = postSolution
		{24CE3C36-16B9-426D-AA0C-5961ECF8D88C}.Debug|Any CPU.ActiveCfg = Debug|Any CPU
		{24CE3C36-16B9-426D-AA0C-5961ECF8D88C}.Debug|Any CPU.Build.0 = Debug|Any CPU
		{24CE3C36-16B9-426D-AA0C-5961ECF8D88C}.Debug|Any CPU.Deploy.0 = Debug|Any CPU
		{24CE3C36-16B9-426D-AA0C-5961ECF8D88C}.Debug|ARM.ActiveCfg = Debug|Any CPU
		{24CE3C36-16B9-426D-AA0C-5961ECF8D88C}.Debug|ARM.Build.0 = Debug|Any CPU
		{24CE3C36-16B9-426D-AA0C-5961ECF8D88C}.Debug|ARM.Deploy.0 = Debug|Any CPU
		{24CE3C36-16B9-426D-AA0C-5961ECF8D88C}.Debug|iPhone.ActiveCfg = Debug|Any CPU
		{24CE3C36-16B9-426D-AA0C-5961ECF8D88C}.Debug|iPhone.Build.0 = Debug|Any CPU
		{24CE3C36-16B9-426D-AA0C-5961ECF8D88C}.Debug|iPhone.Deploy.0 = Debug|Any CPU
		{24CE3C36-16B9-426D-AA0C-5961ECF8D88C}.Debug|iPhoneSimulator.ActiveCfg = Debug|Any CPU
		{24CE3C36-16B9-426D-AA0C-5961ECF8D88C}.Debug|iPhoneSimulator.Build.0 = Debug|Any CPU
		{24CE3C36-16B9-426D-AA0C-5961ECF8D88C}.Debug|iPhoneSimulator.Deploy.0 = Debug|Any CPU
		{24CE3C36-16B9-426D-AA0C-5961ECF8D88C}.Debug|x64.ActiveCfg = Debug|Any CPU
		{24CE3C36-16B9-426D-AA0C-5961ECF8D88C}.Debug|x64.Build.0 = Debug|Any CPU
		{24CE3C36-16B9-426D-AA0C-5961ECF8D88C}.Debug|x64.Deploy.0 = Debug|Any CPU
		{24CE3C36-16B9-426D-AA0C-5961ECF8D88C}.Debug|x86.ActiveCfg = Debug|Any CPU
		{24CE3C36-16B9-426D-AA0C-5961ECF8D88C}.Debug|x86.Build.0 = Debug|Any CPU
		{24CE3C36-16B9-426D-AA0C-5961ECF8D88C}.Debug|x86.Deploy.0 = Debug|Any CPU
		{24CE3C36-16B9-426D-AA0C-5961ECF8D88C}.Release|Any CPU.ActiveCfg = Release|Any CPU
		{24CE3C36-16B9-426D-AA0C-5961ECF8D88C}.Release|Any CPU.Build.0 = Release|Any CPU
		{24CE3C36-16B9-426D-AA0C-5961ECF8D88C}.Release|Any CPU.Deploy.0 = Release|Any CPU
		{24CE3C36-16B9-426D-AA0C-5961ECF8D88C}.Release|ARM.ActiveCfg = Release|Any CPU
		{24CE3C36-16B9-426D-AA0C-5961ECF8D88C}.Release|ARM.Build.0 = Release|Any CPU
		{24CE3C36-16B9-426D-AA0C-5961ECF8D88C}.Release|ARM.Deploy.0 = Release|Any CPU
		{24CE3C36-16B9-426D-AA0C-5961ECF8D88C}.Release|iPhone.ActiveCfg = Release|Any CPU
		{24CE3C36-16B9-426D-AA0C-5961ECF8D88C}.Release|iPhone.Build.0 = Release|Any CPU
		{24CE3C36-16B9-426D-AA0C-5961ECF8D88C}.Release|iPhone.Deploy.0 = Release|Any CPU
		{24CE3C36-16B9-426D-AA0C-5961ECF8D88C}.Release|iPhoneSimulator.ActiveCfg = Release|Any CPU
		{24CE3C36-16B9-426D-AA0C-5961ECF8D88C}.Release|iPhoneSimulator.Build.0 = Release|Any CPU
		{24CE3C36-16B9-426D-AA0C-5961ECF8D88C}.Release|iPhoneSimulator.Deploy.0 = Release|Any CPU
		{24CE3C36-16B9-426D-AA0C-5961ECF8D88C}.Release|x64.ActiveCfg = Release|Any CPU
		{24CE3C36-16B9-426D-AA0C-5961ECF8D88C}.Release|x64.Build.0 = Release|Any CPU
		{24CE3C36-16B9-426D-AA0C-5961ECF8D88C}.Release|x64.Deploy.0 = Release|Any CPU
		{24CE3C36-16B9-426D-AA0C-5961ECF8D88C}.Release|x86.ActiveCfg = Release|Any CPU
		{24CE3C36-16B9-426D-AA0C-5961ECF8D88C}.Release|x86.Build.0 = Release|Any CPU
		{24CE3C36-16B9-426D-AA0C-5961ECF8D88C}.Release|x86.Deploy.0 = Release|Any CPU
		{FC05F720-C3D0-4F7F-9A0C-9233B5C6CE7C}.Debug|Any CPU.ActiveCfg = Debug|iPhoneSimulator
		{FC05F720-C3D0-4F7F-9A0C-9233B5C6CE7C}.Debug|Any CPU.Build.0 = Debug|iPhoneSimulator
		{FC05F720-C3D0-4F7F-9A0C-9233B5C6CE7C}.Debug|Any CPU.Deploy.0 = Debug|iPhoneSimulator
		{FC05F720-C3D0-4F7F-9A0C-9233B5C6CE7C}.Debug|ARM.ActiveCfg = Debug|iPhone
		{FC05F720-C3D0-4F7F-9A0C-9233B5C6CE7C}.Debug|ARM.Build.0 = Debug|iPhone
		{FC05F720-C3D0-4F7F-9A0C-9233B5C6CE7C}.Debug|ARM.Deploy.0 = Debug|iPhone
		{FC05F720-C3D0-4F7F-9A0C-9233B5C6CE7C}.Debug|iPhone.ActiveCfg = Debug|iPhone
		{FC05F720-C3D0-4F7F-9A0C-9233B5C6CE7C}.Debug|iPhone.Build.0 = Debug|iPhone
		{FC05F720-C3D0-4F7F-9A0C-9233B5C6CE7C}.Debug|iPhone.Deploy.0 = Debug|iPhone
		{FC05F720-C3D0-4F7F-9A0C-9233B5C6CE7C}.Debug|iPhoneSimulator.ActiveCfg = Debug|iPhoneSimulator
		{FC05F720-C3D0-4F7F-9A0C-9233B5C6CE7C}.Debug|iPhoneSimulator.Build.0 = Debug|iPhoneSimulator
		{FC05F720-C3D0-4F7F-9A0C-9233B5C6CE7C}.Debug|iPhoneSimulator.Deploy.0 = Debug|iPhoneSimulator
		{FC05F720-C3D0-4F7F-9A0C-9233B5C6CE7C}.Debug|x64.ActiveCfg = Debug|iPhone
		{FC05F720-C3D0-4F7F-9A0C-9233B5C6CE7C}.Debug|x64.Build.0 = Debug|iPhone
		{FC05F720-C3D0-4F7F-9A0C-9233B5C6CE7C}.Debug|x64.Deploy.0 = Debug|iPhone
		{FC05F720-C3D0-4F7F-9A0C-9233B5C6CE7C}.Debug|x86.ActiveCfg = Debug|iPhone
		{FC05F720-C3D0-4F7F-9A0C-9233B5C6CE7C}.Debug|x86.Build.0 = Debug|iPhone
		{FC05F720-C3D0-4F7F-9A0C-9233B5C6CE7C}.Debug|x86.Deploy.0 = Debug|iPhone
		{FC05F720-C3D0-4F7F-9A0C-9233B5C6CE7C}.Release|Any CPU.ActiveCfg = Release|iPhone
		{FC05F720-C3D0-4F7F-9A0C-9233B5C6CE7C}.Release|Any CPU.Build.0 = Release|iPhone
		{FC05F720-C3D0-4F7F-9A0C-9233B5C6CE7C}.Release|Any CPU.Deploy.0 = Release|iPhone
		{FC05F720-C3D0-4F7F-9A0C-9233B5C6CE7C}.Release|ARM.ActiveCfg = Release|iPhone
		{FC05F720-C3D0-4F7F-9A0C-9233B5C6CE7C}.Release|ARM.Build.0 = Release|iPhone
		{FC05F720-C3D0-4F7F-9A0C-9233B5C6CE7C}.Release|ARM.Deploy.0 = Release|iPhone
		{FC05F720-C3D0-4F7F-9A0C-9233B5C6CE7C}.Release|iPhone.ActiveCfg = Release|iPhone
		{FC05F720-C3D0-4F7F-9A0C-9233B5C6CE7C}.Release|iPhone.Build.0 = Release|iPhone
		{FC05F720-C3D0-4F7F-9A0C-9233B5C6CE7C}.Release|iPhone.Deploy.0 = Release|iPhone
		{FC05F720-C3D0-4F7F-9A0C-9233B5C6CE7C}.Release|iPhoneSimulator.ActiveCfg = Release|iPhoneSimulator
		{FC05F720-C3D0-4F7F-9A0C-9233B5C6CE7C}.Release|iPhoneSimulator.Build.0 = Release|iPhoneSimulator
		{FC05F720-C3D0-4F7F-9A0C-9233B5C6CE7C}.Release|iPhoneSimulator.Deploy.0 = Release|iPhoneSimulator
		{FC05F720-C3D0-4F7F-9A0C-9233B5C6CE7C}.Release|x64.ActiveCfg = Release|iPhone
		{FC05F720-C3D0-4F7F-9A0C-9233B5C6CE7C}.Release|x64.Build.0 = Release|iPhone
		{FC05F720-C3D0-4F7F-9A0C-9233B5C6CE7C}.Release|x64.Deploy.0 = Release|iPhone
		{FC05F720-C3D0-4F7F-9A0C-9233B5C6CE7C}.Release|x86.ActiveCfg = Release|iPhone
		{FC05F720-C3D0-4F7F-9A0C-9233B5C6CE7C}.Release|x86.Build.0 = Release|iPhone
		{FC05F720-C3D0-4F7F-9A0C-9233B5C6CE7C}.Release|x86.Deploy.0 = Release|iPhone
		{BD1340A5-67D9-4671-B238-C63D00C0393C}.Debug|Any CPU.ActiveCfg = Debug|x86
		{BD1340A5-67D9-4671-B238-C63D00C0393C}.Debug|Any CPU.Build.0 = Debug|x86
		{BD1340A5-67D9-4671-B238-C63D00C0393C}.Debug|Any CPU.Deploy.0 = Debug|x86
		{BD1340A5-67D9-4671-B238-C63D00C0393C}.Debug|ARM.ActiveCfg = Debug|ARM
		{BD1340A5-67D9-4671-B238-C63D00C0393C}.Debug|ARM.Build.0 = Debug|ARM
		{BD1340A5-67D9-4671-B238-C63D00C0393C}.Debug|ARM.Deploy.0 = Debug|ARM
		{BD1340A5-67D9-4671-B238-C63D00C0393C}.Debug|iPhone.ActiveCfg = Debug|x86
		{BD1340A5-67D9-4671-B238-C63D00C0393C}.Debug|iPhone.Build.0 = Debug|x86
		{BD1340A5-67D9-4671-B238-C63D00C0393C}.Debug|iPhone.Deploy.0 = Debug|x86
		{BD1340A5-67D9-4671-B238-C63D00C0393C}.Debug|iPhoneSimulator.ActiveCfg = Debug|x86
		{BD1340A5-67D9-4671-B238-C63D00C0393C}.Debug|iPhoneSimulator.Build.0 = Debug|x86
		{BD1340A5-67D9-4671-B238-C63D00C0393C}.Debug|iPhoneSimulator.Deploy.0 = Debug|x86
		{BD1340A5-67D9-4671-B238-C63D00C0393C}.Debug|x64.ActiveCfg = Debug|x64
		{BD1340A5-67D9-4671-B238-C63D00C0393C}.Debug|x64.Build.0 = Debug|x64
		{BD1340A5-67D9-4671-B238-C63D00C0393C}.Debug|x64.Deploy.0 = Debug|x64
		{BD1340A5-67D9-4671-B238-C63D00C0393C}.Debug|x86.ActiveCfg = Debug|x86
		{BD1340A5-67D9-4671-B238-C63D00C0393C}.Debug|x86.Build.0 = Debug|x86
		{BD1340A5-67D9-4671-B238-C63D00C0393C}.Debug|x86.Deploy.0 = Debug|x86
		{BD1340A5-67D9-4671-B238-C63D00C0393C}.Release|Any CPU.ActiveCfg = Release|x86
		{BD1340A5-67D9-4671-B238-C63D00C0393C}.Release|Any CPU.Build.0 = Release|x86
		{BD1340A5-67D9-4671-B238-C63D00C0393C}.Release|Any CPU.Deploy.0 = Release|x86
		{BD1340A5-67D9-4671-B238-C63D00C0393C}.Release|ARM.ActiveCfg = Release|ARM
		{BD1340A5-67D9-4671-B238-C63D00C0393C}.Release|ARM.Build.0 = Release|ARM
		{BD1340A5-67D9-4671-B238-C63D00C0393C}.Release|ARM.Deploy.0 = Release|ARM
		{BD1340A5-67D9-4671-B238-C63D00C0393C}.Release|iPhone.ActiveCfg = Release|x86
		{BD1340A5-67D9-4671-B238-C63D00C0393C}.Release|iPhone.Build.0 = Release|x86
		{BD1340A5-67D9-4671-B238-C63D00C0393C}.Release|iPhone.Deploy.0 = Release|x86
		{BD1340A5-67D9-4671-B238-C63D00C0393C}.Release|iPhoneSimulator.ActiveCfg = Release|x86
		{BD1340A5-67D9-4671-B238-C63D00C0393C}.Release|iPhoneSimulator.Build.0 = Release|x86
		{BD1340A5-67D9-4671-B238-C63D00C0393C}.Release|iPhoneSimulator.Deploy.0 = Release|x86
		{BD1340A5-67D9-4671-B238-C63D00C0393C}.Release|x64.ActiveCfg = Release|x64
		{BD1340A5-67D9-4671-B238-C63D00C0393C}.Release|x64.Build.0 = Release|x64
		{BD1340A5-67D9-4671-B238-C63D00C0393C}.Release|x64.Deploy.0 = Release|x64
		{BD1340A5-67D9-4671-B238-C63D00C0393C}.Release|x86.ActiveCfg = Release|x86
		{BD1340A5-67D9-4671-B238-C63D00C0393C}.Release|x86.Build.0 = Release|x86
		{BD1340A5-67D9-4671-B238-C63D00C0393C}.Release|x86.Deploy.0 = Release|x86
		{54C302A2-5872-4C8A-BB30-0745C707077B}.Debug|Any CPU.ActiveCfg = Debug|Any CPU
		{54C302A2-5872-4C8A-BB30-0745C707077B}.Debug|Any CPU.Build.0 = Debug|Any CPU
		{54C302A2-5872-4C8A-BB30-0745C707077B}.Debug|Any CPU.Deploy.0 = Debug|Any CPU
		{54C302A2-5872-4C8A-BB30-0745C707077B}.Debug|ARM.ActiveCfg = Debug|Any CPU
		{54C302A2-5872-4C8A-BB30-0745C707077B}.Debug|ARM.Build.0 = Debug|Any CPU
		{54C302A2-5872-4C8A-BB30-0745C707077B}.Debug|ARM.Deploy.0 = Debug|Any CPU
		{54C302A2-5872-4C8A-BB30-0745C707077B}.Debug|iPhone.ActiveCfg = Debug|Any CPU
		{54C302A2-5872-4C8A-BB30-0745C707077B}.Debug|iPhone.Build.0 = Debug|Any CPU
		{54C302A2-5872-4C8A-BB30-0745C707077B}.Debug|iPhone.Deploy.0 = Debug|Any CPU
		{54C302A2-5872-4C8A-BB30-0745C707077B}.Debug|iPhoneSimulator.ActiveCfg = Debug|Any CPU
		{54C302A2-5872-4C8A-BB30-0745C707077B}.Debug|iPhoneSimulator.Build.0 = Debug|Any CPU
		{54C302A2-5872-4C8A-BB30-0745C707077B}.Debug|iPhoneSimulator.Deploy.0 = Debug|Any CPU
		{54C302A2-5872-4C8A-BB30-0745C707077B}.Debug|x64.ActiveCfg = Debug|Any CPU
		{54C302A2-5872-4C8A-BB30-0745C707077B}.Debug|x64.Build.0 = Debug|Any CPU
		{54C302A2-5872-4C8A-BB30-0745C707077B}.Debug|x64.Deploy.0 = Debug|Any CPU
		{54C302A2-5872-4C8A-BB30-0745C707077B}.Debug|x86.ActiveCfg = Debug|Any CPU
		{54C302A2-5872-4C8A-BB30-0745C707077B}.Debug|x86.Build.0 = Debug|Any CPU
		{54C302A2-5872-4C8A-BB30-0745C707077B}.Debug|x86.Deploy.0 = Debug|Any CPU
		{54C302A2-5872-4C8A-BB30-0745C707077B}.Release|Any CPU.ActiveCfg = Release|Any CPU
		{54C302A2-5872-4C8A-BB30-0745C707077B}.Release|Any CPU.Build.0 = Release|Any CPU
		{54C302A2-5872-4C8A-BB30-0745C707077B}.Release|Any CPU.Deploy.0 = Release|Any CPU
		{54C302A2-5872-4C8A-BB30-0745C707077B}.Release|ARM.ActiveCfg = Release|Any CPU
		{54C302A2-5872-4C8A-BB30-0745C707077B}.Release|ARM.Build.0 = Release|Any CPU
		{54C302A2-5872-4C8A-BB30-0745C707077B}.Release|ARM.Deploy.0 = Release|Any CPU
		{54C302A2-5872-4C8A-BB30-0745C707077B}.Release|iPhone.ActiveCfg = Release|Any CPU
		{54C302A2-5872-4C8A-BB30-0745C707077B}.Release|iPhone.Build.0 = Release|Any CPU
		{54C302A2-5872-4C8A-BB30-0745C707077B}.Release|iPhone.Deploy.0 = Release|Any CPU
		{54C302A2-5872-4C8A-BB30-0745C707077B}.Release|iPhoneSimulator.ActiveCfg = Release|Any CPU
		{54C302A2-5872-4C8A-BB30-0745C707077B}.Release|iPhoneSimulator.Build.0 = Release|Any CPU
		{54C302A2-5872-4C8A-BB30-0745C707077B}.Release|iPhoneSimulator.Deploy.0 = Release|Any CPU
		{54C302A2-5872-4C8A-BB30-0745C707077B}.Release|x64.ActiveCfg = Release|Any CPU
		{54C302A2-5872-4C8A-BB30-0745C707077B}.Release|x64.Build.0 = Release|Any CPU
		{54C302A2-5872-4C8A-BB30-0745C707077B}.Release|x64.Deploy.0 = Release|Any CPU
		{54C302A2-5872-4C8A-BB30-0745C707077B}.Release|x86.ActiveCfg = Release|Any CPU
		{54C302A2-5872-4C8A-BB30-0745C707077B}.Release|x86.Build.0 = Release|Any CPU
		{54C302A2-5872-4C8A-BB30-0745C707077B}.Release|x86.Deploy.0 = Release|Any CPU
	EndGlobalSection
	GlobalSection(SolutionProperties) = preSolution
		HideSolutionNode = FALSE
	EndGlobalSection
	GlobalSection(ExtensibilityGlobals) = postSolution
		SolutionGuid = {2910820D-2E1D-4226-89E9-6AEEAC798C7A}
	EndGlobalSection
EndGlobal
